# THIS IS AN AUTOGENERATED FILE. DO NOT EDIT THIS FILE DIRECTLY.
# yarn lockfile v1


ansi-escapes@^3.0.0:
  version "3.1.0"
  resolved "https://registry.yarnpkg.com/ansi-escapes/-/ansi-escapes-3.1.0.tgz#f73207bb81207d75fd6c83f125af26eea378ca30"

ansi-regex@^3.0.0:
  version "3.0.0"
  resolved "https://registry.yarnpkg.com/ansi-regex/-/ansi-regex-3.0.0.tgz#ed0317c322064f79466c02966bddb605ab37d998"

ansi-styles@^3.2.1:
  version "3.2.1"
  resolved "https://registry.yarnpkg.com/ansi-styles/-/ansi-styles-3.2.1.tgz#41fbb20243e50b12be0f04b8dedbf07520ce841d"
  dependencies:
    color-convert "^1.9.0"

append-buffer@^1.0.2:
  version "1.0.2"
  resolved "https://registry.yarnpkg.com/append-buffer/-/append-buffer-1.0.2.tgz#d8220cf466081525efea50614f3de6514dfa58f1"
  dependencies:
    buffer-equal "^1.0.0"

balanced-match@^1.0.0:
  version "1.0.0"
  resolved "https://registry.yarnpkg.com/balanced-match/-/balanced-match-1.0.0.tgz#89b4d199ab2bee49de164ea02b89ce462d71b767"

brace-expansion@^1.1.7:
  version "1.1.11"
  resolved "https://registry.yarnpkg.com/brace-expansion/-/brace-expansion-1.1.11.tgz#3c7fcbf529d87226f3d2f52b966ff5271eb441dd"
  dependencies:
    balanced-match "^1.0.0"
    concat-map "0.0.1"

buffer-equal@^1.0.0:
  version "1.0.0"
  resolved "https://registry.yarnpkg.com/buffer-equal/-/buffer-equal-1.0.0.tgz#59616b498304d556abd466966b22eeda3eca5fbe"

chalk@^2.0.0, chalk@^2.0.1, chalk@^2.3.1, chalk@^2.4.1:
  version "2.4.1"
  resolved "https://registry.yarnpkg.com/chalk/-/chalk-2.4.1.tgz#18c49ab16a037b6eb0152cc83e3471338215b66e"
  dependencies:
    ansi-styles "^3.2.1"
    escape-string-regexp "^1.0.5"
    supports-color "^5.3.0"

chardet@^0.5.0:
  version "0.5.0"
  resolved "https://registry.yarnpkg.com/chardet/-/chardet-0.5.0.tgz#fe3ac73c00c3d865ffcc02a0682e2c20b6a06029"

cli-cursor@^2.1.0:
  version "2.1.0"
  resolved "https://registry.yarnpkg.com/cli-cursor/-/cli-cursor-2.1.0.tgz#b35dac376479facc3e94747d41d0d0f5238ffcb5"
  dependencies:
    restore-cursor "^2.0.0"

cli-spinners@^1.1.0:
  version "1.3.1"
  resolved "https://registry.yarnpkg.com/cli-spinners/-/cli-spinners-1.3.1.tgz#002c1990912d0d59580c93bd36c056de99e4259a"

cli-table@^0.3.1:
  version "0.3.1"
  resolved "https://registry.yarnpkg.com/cli-table/-/cli-table-0.3.1.tgz#f53b05266a8b1a0b934b3d0821e6e2dc5914ae23"
  dependencies:
    colors "1.0.3"

cli-width@^2.0.0:
  version "2.2.0"
  resolved "https://registry.yarnpkg.com/cli-width/-/cli-width-2.2.0.tgz#ff19ede8a9a5e579324147b0c11f0fbcbabed639"

clone-buffer@^1.0.0:
  version "1.0.0"
  resolved "https://registry.yarnpkg.com/clone-buffer/-/clone-buffer-1.0.0.tgz#e3e25b207ac4e701af721e2cb5a16792cac3dc58"

clone-stats@^1.0.0:
  version "1.0.0"
  resolved "https://registry.yarnpkg.com/clone-stats/-/clone-stats-1.0.0.tgz#b3782dff8bb5474e18b9b6bf0fdfe782f8777680"

clone@^1.0.2:
  version "1.0.4"
  resolved "https://registry.yarnpkg.com/clone/-/clone-1.0.4.tgz#da309cc263df15994c688ca902179ca3c7cd7c7e"

clone@^2.1.1:
  version "2.1.1"
  resolved "https://registry.yarnpkg.com/clone/-/clone-2.1.1.tgz#d217d1e961118e3ac9a4b8bba3285553bf647cdb"

cloneable-readable@^1.0.0:
  version "1.1.2"
  resolved "https://registry.yarnpkg.com/cloneable-readable/-/cloneable-readable-1.1.2.tgz#d591dee4a8f8bc15da43ce97dceeba13d43e2a65"
  dependencies:
    inherits "^2.0.1"
    process-nextick-args "^2.0.0"
    readable-stream "^2.3.5"

co-prompt@^1.0.0:
  version "1.0.0"
  resolved "https://registry.yarnpkg.com/co-prompt/-/co-prompt-1.0.0.tgz#fb370e9edac48576b27a732fe5d7f21d9fc6e6f6"
  dependencies:
    keypress "~0.2.1"

co@^4.6.0:
  version "4.6.0"
  resolved "https://registry.yarnpkg.com/co/-/co-4.6.0.tgz#6ea6bdf3d853ae54ccb8e47bfa0bf3f9031fb184"

color-convert@^1.9.0:
  version "1.9.2"
  resolved "https://registry.yarnpkg.com/color-convert/-/color-convert-1.9.2.tgz#49881b8fba67df12a96bdf3f56c0aab9e7913147"
  dependencies:
    color-name "1.1.1"

color-name@1.1.1:
  version "1.1.1"
  resolved "https://registry.yarnpkg.com/color-name/-/color-name-1.1.1.tgz#4b1415304cf50028ea81643643bd82ea05803689"

colors@1.0.3:
  version "1.0.3"
  resolved "https://registry.yarnpkg.com/colors/-/colors-1.0.3.tgz#0433f44d809680fdeb60ed260f1b0c262e82a40b"

commander@^2.16.0:
  version "2.16.0"
  resolved "https://registry.yarnpkg.com/commander/-/commander-2.16.0.tgz#f16390593996ceb4f3eeb020b31d78528f7f8a50"

concat-map@0.0.1:
  version "0.0.1"
  resolved "https://registry.yarnpkg.com/concat-map/-/concat-map-0.0.1.tgz#d8a96bd77fd68df7793a73036a3ba0d5405d477b"

convert-source-map@^1.5.0:
  version "1.5.1"
  resolved "https://registry.yarnpkg.com/convert-source-map/-/convert-source-map-1.5.1.tgz#b8278097b9bc229365de5c62cf5fcaed8b5599e5"

core-util-is@~1.0.0:
  version "1.0.2"
  resolved "https://registry.yarnpkg.com/core-util-is/-/core-util-is-1.0.2.tgz#b5fd54220aa2bc5ab57aab7140c940754503c1a7"

defaults@^1.0.3:
  version "1.0.3"
  resolved "https://registry.yarnpkg.com/defaults/-/defaults-1.0.3.tgz#c656051e9817d9ff08ed881477f3fe4019f3ef7d"
  dependencies:
    clone "^1.0.2"

define-properties@^1.1.2:
  version "1.1.2"
  resolved "https://registry.yarnpkg.com/define-properties/-/define-properties-1.1.2.tgz#83a73f2fea569898fb737193c8f873caf6d45c94"
  dependencies:
    foreach "^2.0.5"
    object-keys "^1.0.8"

duplexify@^3.6.0:
  version "3.6.0"
  resolved "https://registry.yarnpkg.com/duplexify/-/duplexify-3.6.0.tgz#592903f5d80b38d037220541264d69a198fb3410"
  dependencies:
    end-of-stream "^1.0.0"
    inherits "^2.0.1"
    readable-stream "^2.0.0"
    stream-shift "^1.0.0"

empty-dir@^1.0.0:
  version "1.0.0"
  resolved "https://registry.yarnpkg.com/empty-dir/-/empty-dir-1.0.0.tgz#be3ea41ca6798dc27bb9407f035888150e4c2995"

end-of-stream@^1.0.0, end-of-stream@^1.1.0:
  version "1.4.1"
  resolved "https://registry.yarnpkg.com/end-of-stream/-/end-of-stream-1.4.1.tgz#ed29634d19baba463b6ce6b80a37213eab71ec43"
  dependencies:
    once "^1.4.0"

escape-string-regexp@^1.0.5:
  version "1.0.5"
  resolved "https://registry.yarnpkg.com/escape-string-regexp/-/escape-string-regexp-1.0.5.tgz#1b61c0562190a8dff6ae3bb2cf0200ca130b86d4"

extend@^3.0.0:
  version "3.0.2"
  resolved "https://registry.yarnpkg.com/extend/-/extend-3.0.2.tgz#f8b1136b4071fbd8eb140aff858b1019ec2915fa"

external-editor@^3.0.0:
  version "3.0.0"
  resolved "https://registry.yarnpkg.com/external-editor/-/external-editor-3.0.0.tgz#dc35c48c6f98a30ca27a20e9687d7f3c77704bb6"
  dependencies:
    chardet "^0.5.0"
    iconv-lite "^0.4.22"
    tmp "^0.0.33"

figures@^2.0.0:
  version "2.0.0"
  resolved "https://registry.yarnpkg.com/figures/-/figures-2.0.0.tgz#3ab1a2d2a62c8bfb431a0c94cb797a2fce27c962"
  dependencies:
    escape-string-regexp "^1.0.5"

flush-write-stream@^1.0.2:
  version "1.0.3"
  resolved "https://registry.yarnpkg.com/flush-write-stream/-/flush-write-stream-1.0.3.tgz#c5d586ef38af6097650b49bc41b55fabb19f35bd"
  dependencies:
    inherits "^2.0.1"
    readable-stream "^2.0.4"

foreach@^2.0.5:
  version "2.0.5"
  resolved "https://registry.yarnpkg.com/foreach/-/foreach-2.0.5.tgz#0bee005018aeb260d0a3af3ae658dd0136ec1b99"

fs-mkdirp-stream@^1.0.0:
  version "1.0.0"
  resolved "https://registry.yarnpkg.com/fs-mkdirp-stream/-/fs-mkdirp-stream-1.0.0.tgz#0b7815fc3201c6a69e14db98ce098c16935259eb"
  dependencies:
    graceful-fs "^4.1.11"
    through2 "^2.0.3"

fs.realpath@^1.0.0:
  version "1.0.0"
  resolved "https://registry.yarnpkg.com/fs.realpath/-/fs.realpath-1.0.0.tgz#1504ad2523158caa40db4a2787cb01411994ea4f"

function-bind@^1.1.1:
  version "1.1.1"
  resolved "https://registry.yarnpkg.com/function-bind/-/function-bind-1.1.1.tgz#a56899d3ea3c9bab874bb9773b7c5ede92f4895d"

glob-parent@^3.1.0:
  version "3.1.0"
  resolved "https://registry.yarnpkg.com/glob-parent/-/glob-parent-3.1.0.tgz#9e6af6299d8d3bd2bd40430832bd113df906c5ae"
  dependencies:
    is-glob "^3.1.0"
    path-dirname "^1.0.0"

glob-stream@^6.1.0:
  version "6.1.0"
  resolved "https://registry.yarnpkg.com/glob-stream/-/glob-stream-6.1.0.tgz#7045c99413b3eb94888d83ab46d0b404cc7bdde4"
  dependencies:
    extend "^3.0.0"
    glob "^7.1.1"
    glob-parent "^3.1.0"
    is-negated-glob "^1.0.0"
    ordered-read-streams "^1.0.0"
    pumpify "^1.3.5"
    readable-stream "^2.1.5"
    remove-trailing-separator "^1.0.1"
    to-absolute-glob "^2.0.0"
    unique-stream "^2.0.2"

glob@^7.1.1:
  version "7.1.2"
  resolved "https://registry.yarnpkg.com/glob/-/glob-7.1.2.tgz#c19c9df9a028702d678612384a6552404c636d15"
  dependencies:
    fs.realpath "^1.0.0"
    inflight "^1.0.4"
    inherits "2"
    minimatch "^3.0.4"
    once "^1.3.0"
    path-is-absolute "^1.0.0"

graceful-fs@^4.0.0, graceful-fs@^4.1.11, graceful-fs@^4.1.6:
  version "4.1.11"
  resolved "https://registry.yarnpkg.com/graceful-fs/-/graceful-fs-4.1.11.tgz#0e8bdfe4d1ddb8854d64e04ea7c00e2a026e5658"

has-flag@^3.0.0:
  version "3.0.0"
  resolved "https://registry.yarnpkg.com/has-flag/-/has-flag-3.0.0.tgz#b5d454dc2199ae225699f3467e5a07f3b955bafd"

has-symbols@^1.0.0:
  version "1.0.0"
  resolved "https://registry.yarnpkg.com/has-symbols/-/has-symbols-1.0.0.tgz#ba1a8f1af2a0fc39650f5c850367704122063b44"

iconv-lite@^0.4.22:
  version "0.4.23"
  resolved "https://registry.yarnpkg.com/iconv-lite/-/iconv-lite-0.4.23.tgz#297871f63be507adcfbfca715d0cd0eed84e9a63"
  dependencies:
    safer-buffer ">= 2.1.2 < 3"

inflight@^1.0.4:
  version "1.0.6"
  resolved "https://registry.yarnpkg.com/inflight/-/inflight-1.0.6.tgz#49bd6331d7d02d0c09bc910a1075ba8165b56df9"
  dependencies:
    once "^1.3.0"
    wrappy "1"

inherits@2, inherits@^2.0.1, inherits@^2.0.3, inherits@~2.0.3:
  version "2.0.3"
  resolved "https://registry.yarnpkg.com/inherits/-/inherits-2.0.3.tgz#633c2c83e3da42a502f52466022480f4208261de"

inquirer@^6.0.0:
  version "6.0.0"
  resolved "https://registry.yarnpkg.com/inquirer/-/inquirer-6.0.0.tgz#e8c20303ddc15bbfc2c12a6213710ccd9e1413d8"
  dependencies:
    ansi-escapes "^3.0.0"
    chalk "^2.0.0"
    cli-cursor "^2.1.0"
    cli-width "^2.0.0"
    external-editor "^3.0.0"
    figures "^2.0.0"
    lodash "^4.3.0"
    mute-stream "0.0.7"
    run-async "^2.2.0"
    rxjs "^6.1.0"
    string-width "^2.1.0"
    strip-ansi "^4.0.0"
    through "^2.3.6"

is-absolute@^1.0.0:
  version "1.0.0"
  resolved "https://registry.yarnpkg.com/is-absolute/-/is-absolute-1.0.0.tgz#395e1ae84b11f26ad1795e73c17378e48a301576"
  dependencies:
    is-relative "^1.0.0"
    is-windows "^1.0.1"

is-buffer@^1.1.5:
  version "1.1.6"
  resolved "https://registry.yarnpkg.com/is-buffer/-/is-buffer-1.1.6.tgz#efaa2ea9daa0d7ab2ea13a97b2b8ad51fefbe8be"

is-extglob@^2.1.0:
  version "2.1.1"
  resolved "https://registry.yarnpkg.com/is-extglob/-/is-extglob-2.1.1.tgz#a88c02535791f02ed37c76a1b9ea9773c833f8c2"

is-fullwidth-code-point@^2.0.0:
  version "2.0.0"
  resolved "https://registry.yarnpkg.com/is-fullwidth-code-point/-/is-fullwidth-code-point-2.0.0.tgz#a3b30a5c4f199183167aaab93beefae3ddfb654f"

is-glob@^3.1.0:
  version "3.1.0"
  resolved "https://registry.yarnpkg.com/is-glob/-/is-glob-3.1.0.tgz#7ba5ae24217804ac70707b96922567486cc3e84a"
  dependencies:
    is-extglob "^2.1.0"

is-negated-glob@^1.0.0:
  version "1.0.0"
  resolved "https://registry.yarnpkg.com/is-negated-glob/-/is-negated-glob-1.0.0.tgz#6910bca5da8c95e784b5751b976cf5a10fee36d2"

is-promise@^2.1.0:
  version "2.1.0"
  resolved "https://registry.yarnpkg.com/is-promise/-/is-promise-2.1.0.tgz#79a2a9ece7f096e80f36d2b2f3bc16c1ff4bf3fa"

is-relative@^1.0.0:
  version "1.0.0"
  resolved "https://registry.yarnpkg.com/is-relative/-/is-relative-1.0.0.tgz#a1bb6935ce8c5dba1e8b9754b9b2dcc020e2260d"
  dependencies:
    is-unc-path "^1.0.0"

is-unc-path@^1.0.0:
  version "1.0.0"
  resolved "https://registry.yarnpkg.com/is-unc-path/-/is-unc-path-1.0.0.tgz#d731e8898ed090a12c352ad2eaed5095ad322c9d"
  dependencies:
    unc-path-regex "^0.1.2"

is-utf8@^0.2.1:
  version "0.2.1"
  resolved "https://registry.yarnpkg.com/is-utf8/-/is-utf8-0.2.1.tgz#4b0da1442104d1b336340e80797e865cf39f7d72"

is-valid-glob@^1.0.0:
  version "1.0.0"
  resolved "https://registry.yarnpkg.com/is-valid-glob/-/is-valid-glob-1.0.0.tgz#29bf3eff701be2d4d315dbacc39bc39fe8f601aa"

is-windows@^1.0.1:
  version "1.0.2"
  resolved "https://registry.yarnpkg.com/is-windows/-/is-windows-1.0.2.tgz#d1850eb9791ecd18e6182ce12a30f396634bb19d"

isarray@~1.0.0:
  version "1.0.0"
  resolved "https://registry.yarnpkg.com/isarray/-/isarray-1.0.0.tgz#bb935d48582cba168c06834957a54a3e07124f11"

json-stable-stringify@^1.0.0:
  version "1.0.1"
  resolved "https://registry.yarnpkg.com/json-stable-stringify/-/json-stable-stringify-1.0.1.tgz#9a759d39c5f2ff503fd5300646ed445f88c4f9af"
  dependencies:
    jsonify "~0.0.0"

jsonify@~0.0.0:
  version "0.0.0"
  resolved "https://registry.yarnpkg.com/jsonify/-/jsonify-0.0.0.tgz#2c74b6ee41d93ca51b7b5aaee8f503631d252a73"

keypress@~0.2.1:
  version "0.2.1"
  resolved "https://registry.yarnpkg.com/keypress/-/keypress-0.2.1.tgz#1e80454250018dbad4c3fe94497d6e67b6269c77"

lazystream@^1.0.0:
  version "1.0.0"
  resolved "https://registry.yarnpkg.com/lazystream/-/lazystream-1.0.0.tgz#f6995fe0f820392f61396be89462407bb77168e4"
  dependencies:
    readable-stream "^2.0.5"

lead@^1.0.0:
  version "1.0.0"
  resolved "https://registry.yarnpkg.com/lead/-/lead-1.0.0.tgz#6f14f99a37be3a9dd784f5495690e5903466ee42"
  dependencies:
    flush-write-stream "^1.0.2"

left-pad@^1.3.0:
  version "1.3.0"
  resolved "https://registry.yarnpkg.com/left-pad/-/left-pad-1.3.0.tgz#5b8a3a7765dfe001261dde915589e782f8c94d1e"

lodash@^4.3.0:
  version "4.17.10"
  resolved "https://registry.yarnpkg.com/lodash/-/lodash-4.17.10.tgz#1b7793cf7259ea38fb3661d4d38b3260af8ae4e7"

log-symbols@^2.2.0:
  version "2.2.0"
  resolved "https://registry.yarnpkg.com/log-symbols/-/log-symbols-2.2.0.tgz#5740e1c5d6f0dfda4ad9323b5332107ef6b4c40a"
  dependencies:
    chalk "^2.0.1"

mimic-fn@^1.0.0:
  version "1.2.0"
  resolved "https://registry.yarnpkg.com/mimic-fn/-/mimic-fn-1.2.0.tgz#820c86a39334640e99516928bd03fca88057d022"

minimatch@^3.0.4:
  version "3.0.4"
  resolved "https://registry.yarnpkg.com/minimatch/-/minimatch-3.0.4.tgz#5166e286457f03306064be5497e8dbb0c3d32083"
  dependencies:
    brace-expansion "^1.1.7"

mute-stream@0.0.7:
  version "0.0.7"
  resolved "https://registry.yarnpkg.com/mute-stream/-/mute-stream-0.0.7.tgz#3075ce93bc21b8fab43e1bc4da7e8115ed1e7bab"

normalize-path@^2.1.1:
  version "2.1.1"
  resolved "https://registry.yarnpkg.com/normalize-path/-/normalize-path-2.1.1.tgz#1ab28b556e198363a8c1a6f7e6fa20137fe6aed9"
  dependencies:
    remove-trailing-separator "^1.0.1"

now-and-later@^2.0.0:
  version "2.0.0"
  resolved "https://registry.yarnpkg.com/now-and-later/-/now-and-later-2.0.0.tgz#bc61cbb456d79cb32207ce47ca05136ff2e7d6ee"
  dependencies:
    once "^1.3.2"

object-keys@^1.0.11, object-keys@^1.0.8:
  version "1.0.12"
  resolved "https://registry.yarnpkg.com/object-keys/-/object-keys-1.0.12.tgz#09c53855377575310cca62f55bb334abff7b3ed2"

object.assign@^4.0.4:
  version "4.1.0"
  resolved "https://registry.yarnpkg.com/object.assign/-/object.assign-4.1.0.tgz#968bf1100d7956bb3ca086f006f846b3bc4008da"
  dependencies:
    define-properties "^1.1.2"
    function-bind "^1.1.1"
    has-symbols "^1.0.0"
    object-keys "^1.0.11"

once@^1.3.0, once@^1.3.1, once@^1.3.2, once@^1.4.0:
  version "1.4.0"
  resolved "https://registry.yarnpkg.com/once/-/once-1.4.0.tgz#583b1aa775961d4b113ac17d9c50baef9dd76bd1"
  dependencies:
    wrappy "1"

onetime@^2.0.0:
  version "2.0.1"
  resolved "https://registry.yarnpkg.com/onetime/-/onetime-2.0.1.tgz#067428230fd67443b2794b22bba528b6867962d4"
  dependencies:
    mimic-fn "^1.0.0"

ora@^2.1.0:
  version "2.1.0"
  resolved "https://registry.yarnpkg.com/ora/-/ora-2.1.0.tgz#6caf2830eb924941861ec53a173799e008b51e5b"
  dependencies:
    chalk "^2.3.1"
    cli-cursor "^2.1.0"
    cli-spinners "^1.1.0"
    log-symbols "^2.2.0"
    strip-ansi "^4.0.0"
    wcwidth "^1.0.1"

ordered-read-streams@^1.0.0:
  version "1.0.1"
  resolved "https://registry.yarnpkg.com/ordered-read-streams/-/ordered-read-streams-1.0.1.tgz#77c0cb37c41525d64166d990ffad7ec6a0e1363e"
  dependencies:
    readable-stream "^2.0.1"

os-tmpdir@~1.0.2:
  version "1.0.2"
  resolved "https://registry.yarnpkg.com/os-tmpdir/-/os-tmpdir-1.0.2.tgz#bbe67406c79aa85c5cfec766fe5734555dfa1274"

path-dirname@^1.0.0:
  version "1.0.2"
  resolved "https://registry.yarnpkg.com/path-dirname/-/path-dirname-1.0.2.tgz#cc33d24d525e099a5388c0336c6e32b9160609e0"

path-is-absolute@^1.0.0:
  version "1.0.1"
  resolved "https://registry.yarnpkg.com/path-is-absolute/-/path-is-absolute-1.0.1.tgz#174b9268735534ffbc7ace6bf53a5a9e1b5c5f5f"

process-nextick-args@^2.0.0, process-nextick-args@~2.0.0:
  version "2.0.0"
  resolved "https://registry.yarnpkg.com/process-nextick-args/-/process-nextick-args-2.0.0.tgz#a37d732f4271b4ab1ad070d35508e8290788ffaa"

pump@^2.0.0:
  version "2.0.1"
  resolved "https://registry.yarnpkg.com/pump/-/pump-2.0.1.tgz#12399add6e4cf7526d973cbc8b5ce2e2908b3909"
  dependencies:
    end-of-stream "^1.1.0"
    once "^1.3.1"

pumpify@^1.3.5:
  version "1.5.1"
  resolved "https://registry.yarnpkg.com/pumpify/-/pumpify-1.5.1.tgz#36513be246ab27570b1a374a5ce278bfd74370ce"
  dependencies:
    duplexify "^3.6.0"
    inherits "^2.0.3"
    pump "^2.0.0"

readable-stream@^2.0.0, readable-stream@^2.0.1, readable-stream@^2.0.4, readable-stream@^2.0.5, readable-stream@^2.1.5, readable-stream@^2.3.3, readable-stream@^2.3.5:
  version "2.3.6"
  resolved "https://registry.yarnpkg.com/readable-stream/-/readable-stream-2.3.6.tgz#b11c27d88b8ff1fbe070643cf94b0c79ae1b0aaf"
  dependencies:
    core-util-is "~1.0.0"
    inherits "~2.0.3"
    isarray "~1.0.0"
    process-nextick-args "~2.0.0"
    safe-buffer "~5.1.1"
    string_decoder "~1.1.1"
    util-deprecate "~1.0.1"

remove-bom-buffer@^3.0.0:
  version "3.0.0"
  resolved "https://registry.yarnpkg.com/remove-bom-buffer/-/remove-bom-buffer-3.0.0.tgz#c2bf1e377520d324f623892e33c10cac2c252b53"
  dependencies:
    is-buffer "^1.1.5"
    is-utf8 "^0.2.1"

remove-bom-stream@^1.2.0:
  version "1.2.0"
  resolved "https://registry.yarnpkg.com/remove-bom-stream/-/remove-bom-stream-1.2.0.tgz#05f1a593f16e42e1fb90ebf59de8e569525f9523"
  dependencies:
    remove-bom-buffer "^3.0.0"
    safe-buffer "^5.1.0"
    through2 "^2.0.3"

remove-trailing-separator@^1.0.1:
  version "1.1.0"
  resolved "https://registry.yarnpkg.com/remove-trailing-separator/-/remove-trailing-separator-1.1.0.tgz#c24bce2a283adad5bc3f58e0d48249b92379d8ef"

replace-ext@^1.0.0:
  version "1.0.0"
  resolved "https://registry.yarnpkg.com/replace-ext/-/replace-ext-1.0.0.tgz#de63128373fcbf7c3ccfa4de5a480c45a67958eb"

resolve-options@^1.1.0:
  version "1.1.0"
  resolved "https://registry.yarnpkg.com/resolve-options/-/resolve-options-1.1.0.tgz#32bb9e39c06d67338dc9378c0d6d6074566ad131"
  dependencies:
    value-or-function "^3.0.0"

restore-cursor@^2.0.0:
  version "2.0.0"
  resolved "https://registry.yarnpkg.com/restore-cursor/-/restore-cursor-2.0.0.tgz#9f7ee287f82fd326d4fd162923d62129eee0dfaf"
  dependencies:
    onetime "^2.0.0"
    signal-exit "^3.0.2"

run-async@^2.2.0:
  version "2.3.0"
  resolved "https://registry.yarnpkg.com/run-async/-/run-async-2.3.0.tgz#0371ab4ae0bdd720d4166d7dfda64ff7a445a6c0"
  dependencies:
    is-promise "^2.1.0"

rxjs@^6.1.0:
  version "6.2.1"
  resolved "https://registry.yarnpkg.com/rxjs/-/rxjs-6.2.1.tgz#246cebec189a6cbc143a3ef9f62d6f4c91813ca1"
  dependencies:
    tslib "^1.9.0"

safe-buffer@^5.1.0, safe-buffer@~5.1.0, safe-buffer@~5.1.1:
  version "5.1.2"
  resolved "https://registry.yarnpkg.com/safe-buffer/-/safe-buffer-5.1.2.tgz#991ec69d296e0313747d59bdfd2b745c35f8828d"

"safer-buffer@>= 2.1.2 < 3":
  version "2.1.2"
  resolved "https://registry.yarnpkg.com/safer-buffer/-/safer-buffer-2.1.2.tgz#44fa161b0187b9549dd84bb91802f9bd8385cd6a"

signal-exit@^3.0.2:
  version "3.0.2"
  resolved "https://registry.yarnpkg.com/signal-exit/-/signal-exit-3.0.2.tgz#b5fdc08f1287ea1178628e415e25132b73646c6d"

stream-shift@^1.0.0:
  version "1.0.0"
  resolved "https://registry.yarnpkg.com/stream-shift/-/stream-shift-1.0.0.tgz#d5c752825e5367e786f78e18e445ea223a155952"

string-width@^2.1.0:
  version "2.1.1"
  resolved "https://registry.yarnpkg.com/string-width/-/string-width-2.1.1.tgz#ab93f27a8dc13d28cac815c462143a6d9012ae9e"
  dependencies:
    is-fullwidth-code-point "^2.0.0"
    strip-ansi "^4.0.0"

string_decoder@~1.1.1:
  version "1.1.1"
  resolved "https://registry.yarnpkg.com/string_decoder/-/string_decoder-1.1.1.tgz#9cf1611ba62685d7030ae9e4ba34149c3af03fc8"
  dependencies:
    safe-buffer "~5.1.0"

strip-ansi@^4.0.0:
  version "4.0.0"
  resolved "https://registry.yarnpkg.com/strip-ansi/-/strip-ansi-4.0.0.tgz#a8479022eb1ac368a871389b635262c505ee368f"
  dependencies:
    ansi-regex "^3.0.0"

supports-color@^5.3.0:
  version "5.4.0"
  resolved "https://registry.yarnpkg.com/supports-color/-/supports-color-5.4.0.tgz#1c6b337402c2137605efe19f10fec390f6faab54"
  dependencies:
    has-flag "^3.0.0"

through2-filter@^2.0.0:
  version "2.0.0"
  resolved "https://registry.yarnpkg.com/through2-filter/-/through2-filter-2.0.0.tgz#60bc55a0dacb76085db1f9dae99ab43f83d622ec"
  dependencies:
    through2 "~2.0.0"
    xtend "~4.0.0"

through2@^2.0.0, through2@^2.0.3, through2@~2.0.0:
  version "2.0.3"
  resolved "https://registry.yarnpkg.com/through2/-/through2-2.0.3.tgz#0004569b37c7c74ba39c43f3ced78d1ad94140be"
  dependencies:
    readable-stream "^2.1.5"
    xtend "~4.0.1"

through@^2.3.6:
  version "2.3.8"
  resolved "https://registry.yarnpkg.com/through/-/through-2.3.8.tgz#0dd4c9ffaabc357960b1b724115d7e0e86a2e1f5"

tmp@^0.0.33:
  version "0.0.33"
  resolved "https://registry.yarnpkg.com/tmp/-/tmp-0.0.33.tgz#6d34335889768d21b2bcda0aa277ced3b1bfadf9"
  dependencies:
    os-tmpdir "~1.0.2"

to-absolute-glob@^2.0.0:
  version "2.0.2"
  resolved "https://registry.yarnpkg.com/to-absolute-glob/-/to-absolute-glob-2.0.2.tgz#1865f43d9e74b0822db9f145b78cff7d0f7c849b"
  dependencies:
    is-absolute "^1.0.0"
    is-negated-glob "^1.0.0"

to-through@^2.0.0:
  version "2.0.0"
  resolved "https://registry.yarnpkg.com/to-through/-/to-through-2.0.0.tgz#fc92adaba072647bc0b67d6b03664aa195093af6"
  dependencies:
    through2 "^2.0.3"

tslib@^1.9.0:
  version "1.9.3"
  resolved "https://registry.yarnpkg.com/tslib/-/tslib-1.9.3.tgz#d7e4dd79245d85428c4d7e4822a79917954ca286"

unc-path-regex@^0.1.2:
  version "0.1.2"
  resolved "https://registry.yarnpkg.com/unc-path-regex/-/unc-path-regex-0.1.2.tgz#e73dd3d7b0d7c5ed86fbac6b0ae7d8c6a69d50fa"

unique-stream@^2.0.2:
  version "2.2.1"
  resolved "https://registry.yarnpkg.com/unique-stream/-/unique-stream-2.2.1.tgz#5aa003cfbe94c5ff866c4e7d668bb1c4dbadb369"
  dependencies:
    json-stable-stringify "^1.0.0"
    through2-filter "^2.0.0"

util-deprecate@~1.0.1:
  version "1.0.2"
  resolved "https://registry.yarnpkg.com/util-deprecate/-/util-deprecate-1.0.2.tgz#450d4dc9fa70de732762fbd2d4a28981419a0ccf"

value-or-function@^3.0.0:
  version "3.0.0"
  resolved "https://registry.yarnpkg.com/value-or-function/-/value-or-function-3.0.0.tgz#1c243a50b595c1be54a754bfece8563b9ff8d813"

vinyl-fs@^3.0.3:
  version "3.0.3"
  resolved "https://registry.yarnpkg.com/vinyl-fs/-/vinyl-fs-3.0.3.tgz#c85849405f67428feabbbd5c5dbdd64f47d31bc7"
  dependencies:
    fs-mkdirp-stream "^1.0.0"
    glob-stream "^6.1.0"
    graceful-fs "^4.0.0"
    is-valid-glob "^1.0.0"
    lazystream "^1.0.0"
    lead "^1.0.0"
    object.assign "^4.0.4"
    pumpify "^1.3.5"
    readable-stream "^2.3.3"
    remove-bom-buffer "^3.0.0"
    remove-bom-stream "^1.2.0"
    resolve-options "^1.1.0"
    through2 "^2.0.0"
    to-through "^2.0.0"
    value-or-function "^3.0.0"
    vinyl "^2.0.0"
    vinyl-sourcemap "^1.1.0"

vinyl-sourcemap@^1.1.0:
  version "1.1.0"
  resolved "https://registry.yarnpkg.com/vinyl-sourcemap/-/vinyl-sourcemap-1.1.0.tgz#92a800593a38703a8cdb11d8b300ad4be63b3e16"
  dependencies:
    append-buffer "^1.0.2"
    convert-source-map "^1.5.0"
    graceful-fs "^4.1.6"
    normalize-path "^2.1.1"
    now-and-later "^2.0.0"
    remove-bom-buffer "^3.0.0"
    vinyl "^2.0.0"

vinyl@^2.0.0:
  version "2.2.0"
  resolved "https://registry.yarnpkg.com/vinyl/-/vinyl-2.2.0.tgz#d85b07da96e458d25b2ffe19fece9f2caa13ed86"
  dependencies:
    clone "^2.1.1"
    clone-buffer "^1.0.0"
    clone-stats "^1.0.0"
    cloneable-readable "^1.0.0"
    remove-trailing-separator "^1.0.1"
    replace-ext "^1.0.0"

wcwidth@^1.0.1:
  version "1.0.1"
  resolved "https://registry.yarnpkg.com/wcwidth/-/wcwidth-1.0.1.tgz#f0b0dcf915bc5ff1528afadb2c0e17b532da2fe8"
  dependencies:
    defaults "^1.0.3"

win-spawn@^2.0.0:
  version "2.0.0"
  resolved "https://registry.yarnpkg.com/win-spawn/-/win-spawn-2.0.0.tgz#397a29130ec98d0aa0bc86baa4621393effd0b07"

wrappy@1:
  version "1.0.2"
  resolved "https://registry.yarnpkg.com/wrappy/-/wrappy-1.0.2.tgz#b5243d8f3ec1aa35f1364605bc0d1036e30ab69f"

xtend@~4.0.0, xtend@~4.0.1:
  version "4.0.1"
  resolved "https://registry.yarnpkg.com/xtend/-/xtend-4.0.1.tgz#a5c6d532be656e23db820efb943a1f04998d63af"
